// !$*UTF8*$!
{
	archiveVersion = 1;
	classes = {
	};
	objectVersion = 50;
	objects = {

/* Begin PBXBuildFile section */
		63F3B3A121648D7900052887 /* AppDelegate.swift in Sources */ = {isa = PBXBuildFile; fileRef = 63F3B3A021648D7900052887 /* AppDelegate.swift */; };
		63F3B3A321648D7900052887 /* ViewController.swift in Sources */ = {isa = PBXBuildFile; fileRef = 63F3B3A221648D7900052887 /* ViewController.swift */; };
		63F3B3A621648D7900052887 /* Main.storyboard in Resources */ = {isa = PBXBuildFile; fileRef = 63F3B3A421648D7900052887 /* Main.storyboard */; };
		63F3B3A821648D7A00052887 /* Assets.xcassets in Resources */ = {isa = PBXBuildFile; fileRef = 63F3B3A721648D7A00052887 /* Assets.xcassets */; };
		63F3B3AB21648D7A00052887 /* LaunchScreen.storyboard in Resources */ = {isa = PBXBuildFile; fileRef = 63F3B3A921648D7A00052887 /* LaunchScreen.storyboard */; };
		63F3B3B621648D7A00052887 /* ScaleTests.swift in Sources */ = {isa = PBXBuildFile; fileRef = 63F3B3B521648D7A00052887 /* ScaleTests.swift */; };
		63F3B3C121648D7A00052887 /* ScaleUITests.swift in Sources */ = {isa = PBXBuildFile; fileRef = 63F3B3C021648D7A00052887 /* ScaleUITests.swift */; };
/* End PBXBuildFile section */

/* Begin PBXContainerItemProxy section */
		63F3B3B221648D7A00052887 /* PBXContainerItemProxy */ = {
			isa = PBXContainerItemProxy;
			containerPortal = 63F3B39521648D7900052887 /* Project object */;
			proxyType = 1;
			remoteGlobalIDString = 63F3B39C21648D7900052887;
			remoteInfo = Scale;
		};
		63F3B3BD21648D7A00052887 /* PBXContainerItemProxy */ = {
			isa = PBXContainerItemProxy;
			containerPortal = 63F3B39521648D7900052887 /* Project object */;
			proxyType = 1;
			remoteGlobalIDString = 63F3B39C21648D7900052887;
			remoteInfo = Scale;
		};
/* End PBXContainerItemProxy section */

/* Begin PBXFileReference section */
		63F3B39D21648D7900052887 /* Scale.app */ = {isa = PBXFileReference; explicitFileType = wrapper.application; includeInIndex = 0; path = Scale.app; sourceTree = BUILT_PRODUCTS_DIR; };
		63F3B3A021648D7900052887 /* AppDelegate.swift */ = {isa = PBXFileReference; lastKnownFileType = sourcecode.swift; path = AppDelegate.swift; sourceTree = "<group>"; };
		63F3B3A221648D7900052887 /* ViewController.swift */ = {isa = PBXFileReference; lastKnownFileType = sourcecode.swift; path = ViewController.swift; sourceTree = "<group>"; };
		63F3B3A521648D7900052887 /* Base */ = {isa = PBXFileReference; lastKnownFileType = file.storyboard; name = Base; path = Base.lproj/Main.storyboard; sourceTree = "<group>"; };
		63F3B3A721648D7A00052887 /* Assets.xcassets */ = {isa = PBXFileReference; lastKnownFileType = folder.assetcatalog; path = Assets.xcassets; sourceTree = "<group>"; };
		63F3B3AA21648D7A00052887 /* Base */ = {isa = PBXFileReference; lastKnownFileType = file.storyboard; name = Base; path = Base.lproj/LaunchScreen.storyboard; sourceTree = "<group>"; };
		63F3B3AC21648D7A00052887 /* Info.plist */ = {isa = PBXFileReference; lastKnownFileType = text.plist.xml; path = Info.plist; sourceTree = "<group>"; };
		63F3B3B121648D7A00052887 /* ScaleTests.xctest */ = {isa = PBXFileReference; explicitFileType = wrapper.cfbundle; includeInIndex = 0; path = ScaleTests.xctest; sourceTree = BUILT_PRODUCTS_DIR; };
		63F3B3B521648D7A00052887 /* ScaleTests.swift */ = {isa = PBXFileReference; lastKnownFileType = sourcecode.swift; path = ScaleTests.swift; sourceTree = "<group>"; };
		63F3B3B721648D7A00052887 /* Info.plist */ = {isa = PBXFileReference; lastKnownFileType = text.plist.xml; path = Info.plist; sourceTree = "<group>"; };
		63F3B3BC21648D7A00052887 /* ScaleUITests.xctest */ = {isa = PBXFileReference; explicitFileType = wrapper.cfbundle; includeInIndex = 0; path = ScaleUITests.xctest; sourceTree = BUILT_PRODUCTS_DIR; };
		63F3B3C021648D7A00052887 /* ScaleUITests.swift */ = {isa = PBXFileReference; lastKnownFileType = sourcecode.swift; path = ScaleUITests.swift; sourceTree = "<group>"; };
		63F3B3C221648D7A00052887 /* Info.plist */ = {isa = PBXFileReference; lastKnownFileType = text.plist.xml; path = Info.plist; sourceTree = "<group>"; };
/* End PBXFileReference section */

/* Begin PBXFrameworksBuildPhase section */
		63F3B39A21648D7900052887 /* Frameworks */ = {
			isa = PBXFrameworksBuildPhase;
			buildActionMask = 2147483647;
			files = (
			);
			runOnlyForDeploymentPostprocessing = 0;
		};
		63F3B3AE21648D7A00052887 /* Frameworks */ = {
			isa = PBXFrameworksBuildPhase;
			buildActionMask = 2147483647;
			files = (
			);
			runOnlyForDeploymentPostprocessing = 0;
		};
		63F3B3B921648D7A00052887 /* Frameworks */ = {
			isa = PBXFrameworksBuildPhase;
			buildActionMask = 2147483647;
			files = (
			);
			runOnlyForDeploymentPostprocessing = 0;
		};
/* End PBXFrameworksBuildPhase section */

/* Begin PBXGroup section */
		63F3B39421648D7900052887 = {
			isa = PBXGroup;
			children = (
				63F3B39F21648D7900052887 /* Scale */,
				63F3B3B421648D7A00052887 /* ScaleTests */,
				63F3B3BF21648D7A00052887 /* ScaleUITests */,
				63F3B39E21648D7900052887 /* Products */,
			);
			sourceTree = "<group>";
		};
		63F3B39E21648D7900052887 /* Products */ = {
			isa = PBXGroup;
			children = (
				63F3B39D21648D7900052887 /* Scale.app */,
				63F3B3B121648D7A00052887 /* ScaleTests.xctest */,
				63F3B3BC21648D7A00052887 /* ScaleUITests.xctest */,
			);
			name = Products;
			sourceTree = "<group>";
		};
		63F3B39F21648D7900052887 /* Scale */ = {
			isa = PBXGroup;
			children = (
				63F3B3A021648D7900052887 /* AppDelegate.swift */,
				63F3B3A221648D7900052887 /* ViewController.swift */,
				63F3B3A421648D7900052887 /* Main.storyboard */,
				63F3B3A721648D7A00052887 /* Assets.xcassets */,
				63F3B3A921648D7A00052887 /* LaunchScreen.storyboard */,
				63F3B3AC21648D7A00052887 /* Info.plist */,
			);
			path = Scale;
			sourceTree = "<group>";
		};
		63F3B3B421648D7A00052887 /* ScaleTests */ = {
			isa = PBXGroup;
			children = (
				63F3B3B521648D7A00052887 /* ScaleTests.swift */,
				63F3B3B721648D7A00052887 /* Info.plist */,
			);
			path = ScaleTests;
			sourceTree = "<group>";
		};
		63F3B3BF21648D7A00052887 /* ScaleUITests */ = {
			isa = PBXGroup;
			children = (
				63F3B3C021648D7A00052887 /* ScaleUITests.swift */,
				63F3B3C221648D7A00052887 /* Info.plist */,
			);
			path = ScaleUITests;
			sourceTree = "<group>";
		};
/* End PBXGroup section */

/* Begin PBXNativeTarget section */
		63F3B39C21648D7900052887 /* Scale */ = {
			isa = PBXNativeTarget;
			buildConfigurationList = 63F3B3C521648D7A00052887 /* Build configuration list for PBXNativeTarget "Scale" */;
			buildPhases = (
				63F3B39921648D7900052887 /* Sources */,
				63F3B39A21648D7900052887 /* Frameworks */,
				63F3B39B21648D7900052887 /* Resources */,
			);
			buildRules = (
			);
			dependencies = (
			);
			name = Scale;
			productName = Scale;
			productReference = 63F3B39D21648D7900052887 /* Scale.app */;
			productType = "com.apple.product-type.application";
		};
		63F3B3B021648D7A00052887 /* ScaleTests */ = {
			isa = PBXNativeTarget;
			buildConfigurationList = 63F3B3C821648D7A00052887 /* Build configuration list for PBXNativeTarget "ScaleTests" */;
			buildPhases = (
				63F3B3AD21648D7A00052887 /* Sources */,
				63F3B3AE21648D7A00052887 /* Frameworks */,
				63F3B3AF21648D7A00052887 /* Resources */,
			);
			buildRules = (
			);
			dependencies = (
				63F3B3B321648D7A00052887 /* PBXTargetDependency */,
			);
			name = ScaleTests;
			productName = ScaleTests;
			productReference = 63F3B3B121648D7A00052887 /* ScaleTests.xctest */;
			productType = "com.apple.product-type.bundle.unit-test";
		};
		63F3B3BB21648D7A00052887 /* ScaleUITests */ = {
			isa = PBXNativeTarget;
			buildConfigurationList = 63F3B3CB21648D7A00052887 /* Build configuration list for PBXNativeTarget "ScaleUITests" */;
			buildPhases = (
				63F3B3B821648D7A00052887 /* Sources */,
				63F3B3B921648D7A00052887 /* Frameworks */,
				63F3B3BA21648D7A00052887 /* Resources */,
			);
			buildRules = (
			);
			dependencies = (
				63F3B3BE21648D7A00052887 /* PBXTargetDependency */,
			);
			name = ScaleUITests;
			productName = ScaleUITests;
			productReference = 63F3B3BC21648D7A00052887 /* ScaleUITests.xctest */;
			productType = "com.apple.product-type.bundle.ui-testing";
		};
/* End PBXNativeTarget section */

/* Begin PBXProject section */
		63F3B39521648D7900052887 /* Project object */ = {
			isa = PBXProject;
			attributes = {
				LastSwiftUpdateCheck = 1000;
				LastUpgradeCheck = 1000;
				ORGANIZATIONNAME = "Ethan Song";
				TargetAttributes = {
					63F3B39C21648D7900052887 = {
						CreatedOnToolsVersion = 10.0;
					};
					63F3B3B021648D7A00052887 = {
						CreatedOnToolsVersion = 10.0;
						TestTargetID = 63F3B39C21648D7900052887;
					};
					63F3B3BB21648D7A00052887 = {
						CreatedOnToolsVersion = 10.0;
						TestTargetID = 63F3B39C21648D7900052887;
					};
				};
			};
			buildConfigurationList = 63F3B39821648D7900052887 /* Build configuration list for PBXProject "Scale" */;
			compatibilityVersion = "Xcode 9.3";
			developmentRegion = en;
			hasScannedForEncodings = 0;
			knownRegions = (
				en,
				Base,
			);
			mainGroup = 63F3B39421648D7900052887;
			productRefGroup = 63F3B39E21648D7900052887 /* Products */;
			projectDirPath = "";
			projectRoot = "";
			targets = (
				63F3B39C21648D7900052887 /* Scale */,
				63F3B3B021648D7A00052887 /* ScaleTests */,
				63F3B3BB21648D7A00052887 /* ScaleUITests */,
			);
		};
/* End PBXProject section */

/* Begin PBXResourcesBuildPhase section */
		63F3B39B21648D7900052887 /* Resources */ = {
			isa = PBXResourcesBuildPhase;
			buildActionMask = 2147483647;
			files = (
				63F3B3AB21648D7A00052887 /* LaunchScreen.storyboard in Resources */,
				63F3B3A821648D7A00052887 /* Assets.xcassets in Resources */,
				63F3B3A621648D7900052887 /* Main.storyboard in Resources */,
			);
			runOnlyForDeploymentPostprocessing = 0;
		};
		63F3B3AF21648D7A00052887 /* Resources */ = {
			isa = PBXResourcesBuildPhase;
			buildActionMask = 2147483647;
			files = (
			);
			runOnlyForDeploymentPostprocessing = 0;
		};
		63F3B3BA21648D7A00052887 /* Resources */ = {
			isa = PBXResourcesBuildPhase;
			buildActionMask = 2147483647;
			files = (
			);
			runOnlyForDeploymentPostprocessing = 0;
		};
/* End PBXResourcesBuildPhase section */

/* Begin PBXSourcesBuildPhase section */
		63F3B39921648D7900052887 /* Sources */ = {
			isa = PBXSourcesBuildPhase;
			buildActionMask = 2147483647;
			files = (
				63F3B3A321648D7900052887 /* ViewController.swift in Sources */,
				63F3B3A121648D7900052887 /* AppDelegate.swift in Sources */,
			);
			runOnlyForDeploymentPostprocessing = 0;
		};
		63F3B3AD21648D7A00052887 /* Sources */ = {
			isa = PBXSourcesBuildPhase;
			buildActionMask = 2147483647;
			files = (
				63F3B3B621648D7A00052887 /* ScaleTests.swift in Sources */,
			);
			runOnlyForDeploymentPostprocessing = 0;
		};
		63F3B3B821648D7A00052887 /* Sources */ = {
			isa = PBXSourcesBuildPhase;
			buildActionMask = 2147483647;
			files = (
				63F3B3C121648D7A00052887 /* ScaleUITests.swift in Sources */,
			);
			runOnlyForDeploymentPostprocessing = 0;
		};
/* End PBXSourcesBuildPhase section */

/* Begin PBXTargetDependency section */
		63F3B3B321648D7A00052887 /* PBXTargetDependency */ = {
			isa = PBXTargetDependency;
			target = 63F3B39C21648D7900052887 /* Scale */;
			targetProxy = 63F3B3B221648D7A00052887 /* PBXContainerItemProxy */;
		};
		63F3B3BE21648D7A00052887 /* PBXTargetDependency */ = {
			isa = PBXTargetDependency;
			target = 63F3B39C21648D7900052887 /* Scale */;
			targetProxy = 63F3B3BD21648D7A00052887 /* PBXContainerItemProxy */;
		};
/* End PBXTargetDependency section */

/* Begin PBXVariantGroup section */
		63F3B3A421648D7900052887 /* Main.storyboard */ = {
			isa = PBXVariantGroup;
			children = (
				63F3B3A521648D7900052887 /* Base */,
			);
			name = Main.storyboard;
			sourceTree = "<group>";
		};
		63F3B3A921648D7A00052887 /* LaunchScreen.storyboard */ = {
			isa = PBXVariantGroup;
			children = (
				63F3B3AA21648D7A00052887 /* Base */,
			);
			name = LaunchScreen.storyboard;
			sourceTree = "<group>";
		};
/* End PBXVariantGroup section */

/* Begin XCBuildConfiguration section */
		63F3B3C321648D7A00052887 /* Debug */ = {
			isa = XCBuildConfiguration;
			buildSettings = {
				ALWAYS_SEARCH_USER_PATHS = NO;
				CLANG_ANALYZER_NONNULL = YES;
				CLANG_ANALYZER_NUMBER_OBJECT_CONVERSION = YES_AGGRESSIVE;
				CLANG_CXX_LANGUAGE_STANDARD = "gnu++14";
				CLANG_CXX_LIBRARY = "libc++";
				CLANG_ENABLE_MODULES = YES;
				CLANG_ENABLE_OBJC_ARC = YES;
				CLANG_ENABLE_OBJC_WEAK = YES;
				CLANG_WARN_BLOCK_CAPTURE_AUTORELEASING = YES;
				CLANG_WARN_BOOL_CONVERSION = YES;
				CLANG_WARN_COMMA = YES;
				CLANG_WARN_CONSTANT_CONVERSION = YES;
				CLANG_WARN_DEPRECATED_OBJC_IMPLEMENTATIONS = YES;
				CLANG_WARN_DIRECT_OBJC_ISA_USAGE = YES_ERROR;
				CLANG_WARN_DOCUMENTATION_COMMENTS = YES;
				CLANG_WARN_EMPTY_BODY = YES;
				CLANG_WARN_ENUM_CONVERSION = YES;
				CLANG_WARN_INFINITE_RECURSION = YES;
				CLANG_WARN_INT_CONVERSION = YES;
				CLANG_WARN_NON_LITERAL_NULL_CONVERSION = YES;
				CLANG_WARN_OBJC_IMPLICIT_RETAIN_SELF = YES;
				CLANG_WARN_OBJC_LITERAL_CONVERSION = YES;
				CLANG_WARN_OBJC_ROOT_CLASS = YES_ERROR;
				CLANG_WARN_RANGE_LOOP_ANALYSIS = YES;
				CLANG_WARN_STRICT_PROTOTYPES = YES;
				CLANG_WARN_SUSPICIOUS_MOVE = YES;
				CLANG_WARN_UNGUARDED_AVAILABILITY = YES_AGGRESSIVE;
				CLANG_WARN_UNREACHABLE_CODE = YES;
				CLANG_WARN__DUPLICATE_METHOD_MATCH = YES;
				CODE_SIGN_IDENTITY = "iPhone Developer";
				COPY_PHASE_STRIP = NO;
				DEBUG_INFORMATION_FORMAT = dwarf;
				ENABLE_STRICT_OBJC_MSGSEND = YES;
				ENABLE_TESTABILITY = YES;
				GCC_C_LANGUAGE_STANDARD = gnu11;
				GCC_DYNAMIC_NO_PIC = NO;
				GCC_NO_COMMON_BLOCKS = YES;
				GCC_OPTIMIZATION_LEVEL = 0;
				GCC_PREPROCESSOR_DEFINITIONS = (
					"DEBUG=1",
					"$(inherited)",
				);
				GCC_WARN_64_TO_32_BIT_CONVERSION = YES;
				GCC_WARN_ABOUT_RETURN_TYPE = YES_ERROR;
				GCC_WARN_UNDECLARED_SELECTOR = YES;
				GCC_WARN_UNINITIALIZED_AUTOS = YES_AGGRESSIVE;
				GCC_WARN_UNUSED_FUNCTION = YES;
				GCC_WARN_UNUSED_VARIABLE = YES;
				IPHONEOS_DEPLOYMENT_TARGET = 12.0;
				MTL_ENABLE_DEBUG_INFO = INCLUDE_SOURCE;
				MTL_FAST_MATH = YES;
				ONLY_ACTIVE_ARCH = YES;
				SDKROOT = iphoneos;
				SWIFT_ACTIVE_COMPILATION_CONDITIONS = DEBUG;
				SWIFT_OPTIMIZATION_LEVEL = "-Onone";
			};
			name = Debug;
		};
		63F3B3C421648D7A00052887 /* Release */ = {
			isa = XCBuildConfiguration;
			buildSettings = {
				ALWAYS_SEARCH_USER_PATHS = NO;
				CLANG_ANALYZER_NONNULL = YES;
				CLANG_ANALYZER_NUMBER_OBJECT_CONVERSION = YES_AGGRESSIVE;
				CLANG_CXX_LANGUAGE_STANDARD = "gnu++14";
				CLANG_CXX_LIBRARY = "libc++";
				CLANG_ENABLE_MODULES = YES;
				CLANG_ENABLE_OBJC_ARC = YES;
				CLANG_ENABLE_OBJC_WEAK = YES;
				CLANG_WARN_BLOCK_CAPTURE_AUTORELEASING = YES;
				CLANG_WARN_BOOL_CONVERSION = YES;
				CLANG_WARN_COMMA = YES;
				CLANG_WARN_CONSTANT_CONVERSION = YES;
				CLANG_WARN_DEPRECATED_OBJC_IMPLEMENTATIONS = YES;
				CLANG_WARN_DIRECT_OBJC_ISA_USAGE = YES_ERROR;
				CLANG_WARN_DOCUMENTATION_COMMENTS = YES;
				CLANG_WARN_EMPTY_BODY = YES;
				CLANG_WARN_ENUM_CONVERSION = YES;
				CLANG_WARN_INFINITE_RECURSION = YES;
				CLANG_WARN_INT_CONVERSION = YES;
				CLANG_WARN_NON_LITERAL_NULL_CONVERSION = YES;
				CLANG_WARN_OBJC_IMPLICIT_RETAIN_SELF = YES;
				CLANG_WARN_OBJC_LITERAL_CONVERSION = YES;
				CLANG_WARN_OBJC_ROOT_CLASS = YES_ERROR;
				CLANG_WARN_RANGE_LOOP_ANALYSIS = YES;
				CLANG_WARN_STRICT_PROTOTYPES = YES;
				CLANG_WARN_SUSPICIOUS_MOVE = YES;
				CLANG_WARN_UNGUARDED_AVAILABILITY = YES_AGGRESSIVE;
				CLANG_WARN_UNREACHABLE_CODE = YES;
				CLANG_WARN__DUPLICATE_METHOD_MATCH = YES;
				CODE_SIGN_IDENTITY = "iPhone Developer";
				COPY_PHASE_STRIP = NO;
				DEBUG_INFORMATION_FORMAT = "dwarf-with-dsym";
				ENABLE_NS_ASSERTIONS = NO;
				ENABLE_STRICT_OBJC_MSGSEND = YES;
				GCC_C_LANGUAGE_STANDARD = gnu11;
				GCC_NO_COMMON_BLOCKS = YES;
				GCC_WARN_64_TO_32_BIT_CONVERSION = YES;
				GCC_WARN_ABOUT_RETURN_TYPE = YES_ERROR;
				GCC_WARN_UNDECLARED_SELECTOR = YES;
				GCC_WARN_UNINITIALIZED_AUTOS = YES_AGGRESSIVE;
				GCC_WARN_UNUSED_FUNCTION = YES;
				GCC_WARN_UNUSED_VARIABLE = YES;
				IPHONEOS_DEPLOYMENT_TARGET = 12.0;
				MTL_ENABLE_DEBUG_INFO = NO;
				MTL_FAST_MATH = YES;
				SDKROOT = iphoneos;
				SWIFT_COMPILATION_MODE = wholemodule;
				SWIFT_OPTIMIZATION_LEVEL = "-O";
				VALIDATE_PRODUCT = YES;
			};
			name = Release;
		};
		63F3B3C621648D7A00052887 /* Debug */ = {
			isa = XCBuildConfiguration;
			buildSettings = {
				ASSETCATALOG_COMPILER_APPICON_NAME = AppIcon;
				CODE_SIGN_STYLE = Automatic;
				DEVELOPMENT_TEAM = W3EA2WGF3L;
				INFOPLIST_FILE = Scale/Info.plist;
				LD_RUNPATH_SEARCH_PATHS = (
					"$(inherited)",
					"@executable_path/Frameworks",
				);
				PRODUCT_BUNDLE_IDENTIFIER = esong.Scale;
				PRODUCT_NAME = "$(TARGET_NAME)";
				SWIFT_VERSION = 4.2;
				TARGETED_DEVICE_FAMILY = "1,2";
			};
			name = Debug;
		};
		63F3B3C721648D7A00052887 /* Release */ = {
			isa = XCBuildConfiguration;
			buildSettings = {
				ASSETCATALOG_COMPILER_APPICON_NAME = AppIcon;
				CODE_SIGN_STYLE = Automatic;
				DEVELOPMENT_TEAM = W3EA2WGF3L;
				INFOPLIST_FILE = Scale/Info.plist;
				LD_RUNPATH_SEARCH_PATHS = (
					"$(inherited)",
					"@executable_path/Frameworks",
				);
				PRODUCT_BUNDLE_IDENTIFIER = esong.Scale;
				PRODUCT_NAME = "$(TARGET_NAME)";
				SWIFT_VERSION = 4.2;
				TARGETED_DEVICE_FAMILY = "1,2";
			};
			name = Release;
		};
		63F3B3C921648D7A00052887 /* Debug */ = {
			isa = XCBuildConfiguration;
			buildSettings = {
				ALWAYS_EMBED_SWIFT_STANDARD_LIBRARIES = YES;
				BUNDLE_LOADER = "$(TEST_HOST)";
				CODE_SIGN_STYLE = Automatic;
				DEVELOPMENT_TEAM = W3EA2WGF3L;
				INFOPLIST_FILE = ScaleTests/Info.plist;
				LD_RUNPATH_SEARCH_PATHS = (
					"$(inherited)",
					"@executable_path/Frameworks",
					"@loader_path/Frameworks",
				);
				PRODUCT_BUNDLE_IDENTIFIER = esong.ScaleTests;
				PRODUCT_NAME = "$(TARGET_NAME)";
				SWIFT_VERSION = 4.2;
				TARGETED_DEVICE_FAMILY = "1,2";
				TEST_HOST = "$(BUILT_PRODUCTS_DIR)/Scale.app/Scale";
			};
			name = Debug;
		};
		63F3B3CA21648D7A00052887 /* Release */ = {
			isa = XCBuildConfiguration;
			buildSettings = {
				ALWAYS_EMBED_SWIFT_STANDARD_LIBRARIES = YES;
				BUNDLE_LOADER = "$(TEST_HOST)";
				CODE_SIGN_STYLE = Automatic;
				DEVELOPMENT_TEAM = W3EA2WGF3L;
				INFOPLIST_FILE = ScaleTests/Info.plist;
				LD_RUNPATH_SEARCH_PATHS = (
					"$(inherited)",
					"@executable_path/Frameworks",
					"@loader_path/Frameworks",
				);
				PRODUCT_BUNDLE_IDENTIFIER = esong.ScaleTests;
				PRODUCT_NAME = "$(TARGET_NAME)";
				SWIFT_VERSION = 4.2;
				TARGETED_DEVICE_FAMILY = "1,2";
				TEST_HOST = "$(BUILT_PRODUCTS_DIR)/Scale.app/Scale";
			};
			name = Release;
		};
		63F3B3CC21648D7A00052887 /* Debug */ = {
			isa = XCBuildConfiguration;
			buildSettings = {
				ALWAYS_EMBED_SWIFT_STANDARD_LIBRARIES = YES;
				CODE_SIGN_STYLE = Automatic;
				DEVELOPMENT_TEAM = W3EA2WGF3L;
				INFOPLIST_FILE = ScaleUITests/Info.plist;
				LD_RUNPATH_SEARCH_PATHS = (
					"$(inherited)",
					"@executable_path/Frameworks",
					"@loader_path/Frameworks",
				);
				PRODUCT_BUNDLE_IDENTIFIER = esong.ScaleUITests;
				PRODUCT_NAME = "$(TARGET_NAME)";
				SWIFT_VERSION = 4.2;
				TARGETED_DEVICE_FAMILY = "1,2";
				TEST_TARGET_NAME = Scale;
			};
			name = Debug;
		};
		63F3B3CD21648D7A00052887 /* Release */ = {
			isa = XCBuildConfiguration;
			buildSettings = {
				ALWAYS_EMBED_SWIFT_STANDARD_LIBRARIES = YES;
				CODE_SIGN_STYLE = Automatic;
				DEVELOPMENT_TEAM = W3EA2WGF3L;
				INFOPLIST_FILE = ScaleUITests/Info.plist;
				LD_RUNPATH_SEARCH_PATHS = (
					"$(inherited)",
					"@executable_path/Frameworks",
					"@loader_path/Frameworks",
				);
				PRODUCT_BUNDLE_IDENTIFIER = esong.ScaleUITests;
				PRODUCT_NAME = "$(TARGET_NAME)";
				SWIFT_VERSION = 4.2;
				TARGETED_DEVICE_FAMILY = "1,2";
				TEST_TARGET_NAME = Scale;
			};
			name = Release;
		};
/* End XCBuildConfiguration section */

/* Begin XCConfigurationList section */
		63F3B39821648D7900052887 /* Build configuration list for PBXProject "Scale" */ = {
			isa = XCConfigurationList;
			buildConfigurations = (
				63F3B3C321648D7A00052887 /* Debug */,
				63F3B3C421648D7A00052887 /* Release */,
			);
			defaultConfigurationIsVisible = 0;
			defaultConfigurationName = Release;
		};
		63F3B3C521648D7A00052887 /* Build configuration list for PBXNativeTarget "Scale" */ = {
			isa = XCConfigurationList;
			buildConfigurations = (
				63F3B3C621648D7A00052887 /* Debug */,
				63F3B3C721648D7A00052887 /* Release */,
			);
			defaultConfigurationIsVisible = 0;
			defaultConfigurationName = Release;
		};
		63F3B3C821648D7A00052887 /* Build configuration list for PBXNativeTarget "ScaleTests" */ = {
			isa = XCConfigurationList;
			buildConfigurations = (
				63F3B3C921648D7A00052887 /* Debug */,
				63F3B3CA21648D7A00052887 /* Release */,
			);
			defaultConfigurationIsVisible = 0;
			defaultConfigurationName = Release;
		};
		63F3B3CB21648D7A00052887 /* Build configuration list for PBXNativeTarget "ScaleUITests" */ = {
			isa = XCConfigurationList;
			buildConfigurations = (
				63F3B3CC21648D7A00052887 /* Debug */,
				63F3B3CD21648D7A00052887 /* Release */,
			);
			defaultConfigurationIsVisible = 0;
			defaultConfigurationName = Release;
		};
/* End XCConfigurationList section */
	};
	rootObject = 63F3B39521648D7900052887 /* Project object */;
}
